// !$*UTF8*$!
{
	archiveVersion = 1;
	classes = {
	};
	objectVersion = 56;
	objects = {

/* Begin PBXBuildFile section */
		001000000000000000000001 /* V2EXClientApp.swift in Sources */ = {isa = PBXBuildFile; fileRef = 002000000000000000000001 /* V2EXClientApp.swift */; };
		001000000000000000000002 /* AppRouter.swift in Sources */ = {isa = PBXBuildFile; fileRef = 002000000000000000000002 /* AppRouter.swift */; };
		001000000000000000000003 /* Models.swift in Sources */ = {isa = PBXBuildFile; fileRef = 002000000000000000000003 /* Models.swift */; };
		001000000000000000000004 /* NetworkClient.swift in Sources */ = {isa = PBXBuildFile; fileRef = 002000000000000000000004 /* NetworkClient.swift */; };
		001000000000000000000005 /* CacheStore.swift in Sources */ = {isa = PBXBuildFile; fileRef = 002000000000000000000005 /* CacheStore.swift */; };
		001000000000000000000006 /* V2EXService.swift in Sources */ = {isa = PBXBuildFile; fileRef = 002000000000000000000006 /* V2EXService.swift */; };
		001000000000000000000007 /* TopicDetailParser.swift in Sources */ = {isa = PBXBuildFile; fileRef = 002000000000000000000007 /* TopicDetailParser.swift */; };
		001000000000000000000008 /* SessionStore.swift in Sources */ = {isa = PBXBuildFile; fileRef = 002000000000000000000008 /* SessionStore.swift */; };
		001000000000000000000009 /* WebView.swift in Sources */ = {isa = PBXBuildFile; fileRef = 002000000000000000000009 /* WebView.swift */; };
		00100000000000000000000A /* Utilities.swift in Sources */ = {isa = PBXBuildFile; fileRef = 00200000000000000000000A /* Utilities.swift */; };
		00100000000000000000000B /* Components.swift in Sources */ = {isa = PBXBuildFile; fileRef = 00200000000000000000000B /* Components.swift */; };
		00100000000000000000000C /* HomeView.swift in Sources */ = {isa = PBXBuildFile; fileRef = 00200000000000000000000C /* HomeView.swift */; };
		00100000000000000000000D /* HomeViewModel.swift in Sources */ = {isa = PBXBuildFile; fileRef = 00200000000000000000000D /* HomeViewModel.swift */; };
		00100000000000000000000E /* TopicDetailView.swift in Sources */ = {isa = PBXBuildFile; fileRef = 00200000000000000000000E /* TopicDetailView.swift */; };
		00100000000000000000000F /* TopicDetailViewModel.swift in Sources */ = {isa = PBXBuildFile; fileRef = 00200000000000000000000F /* TopicDetailViewModel.swift */; };
		001000000000000000000010 /* NodeView.swift in Sources */ = {isa = PBXBuildFile; fileRef = 002000000000000000000010 /* NodeView.swift */; };
		001000000000000000000011 /* NodeViewModel.swift in Sources */ = {isa = PBXBuildFile; fileRef = 002000000000000000000011 /* NodeViewModel.swift */; };
		001000000000000000000012 /* UserView.swift in Sources */ = {isa = PBXBuildFile; fileRef = 002000000000000000000012 /* UserView.swift */; };
		001000000000000000000013 /* UserViewModel.swift in Sources */ = {isa = PBXBuildFile; fileRef = 002000000000000000000013 /* UserViewModel.swift */; };
		001000000000000000000014 /* SearchView.swift in Sources */ = {isa = PBXBuildFile; fileRef = 002000000000000000000014 /* SearchView.swift */; };
		001000000000000000000015 /* SettingsView.swift in Sources */ = {isa = PBXBuildFile; fileRef = 002000000000000000000015 /* SettingsView.swift */; };
		001000000000000000000016 /* SettingsStore.swift in Sources */ = {isa = PBXBuildFile; fileRef = 002000000000000000000016 /* SettingsStore.swift */; };
		001000000000000000000017 /* TopicDetailParserTests.swift in Sources */ = {isa = PBXBuildFile; fileRef = 002000000000000000000017 /* TopicDetailParserTests.swift */; };
		001000000000000000000018 /* SettingsStoreTests.swift in Sources */ = {isa = PBXBuildFile; fileRef = 002000000000000000000018 /* SettingsStoreTests.swift */; };
		001000000000000000000019 /* NetworkClientTests.swift in Sources */ = {isa = PBXBuildFile; fileRef = 002000000000000000000019 /* NetworkClientTests.swift */; };
		00100000000000000000001A /* SearchViewModel.swift in Sources */ = {isa = PBXBuildFile; fileRef = 00200000000000000000001A /* SearchViewModel.swift */; };
/* End PBXBuildFile section */

/* Begin PBXContainerItemProxy section */
		003000000000000000000001 /* PBXContainerItemProxy */ = {
			isa = PBXContainerItemProxy;
			containerPortal = 004000000000000000000001 /* Project object */;
			proxyType = 1;
			remoteGlobalIDString = 005000000000000000000001;
			remoteInfo = V2EXClient;
		};
/* End PBXContainerItemProxy section */

/* Begin PBXFileReference section */
		002000000000000000000001 /* V2EXClientApp.swift */ = {isa = PBXFileReference; lastKnownFileType = sourcecode.swift; path = V2EXClientApp.swift; sourceTree = "<group>"; };
		002000000000000000000002 /* AppRouter.swift */ = {isa = PBXFileReference; lastKnownFileType = sourcecode.swift; path = AppRouter.swift; sourceTree = "<group>"; };
		002000000000000000000003 /* Models.swift */ = {isa = PBXFileReference; lastKnownFileType = sourcecode.swift; path = Models.swift; sourceTree = "<group>"; };
		002000000000000000000004 /* NetworkClient.swift */ = {isa = PBXFileReference; lastKnownFileType = sourcecode.swift; path = NetworkClient.swift; sourceTree = "<group>"; };
		002000000000000000000005 /* CacheStore.swift */ = {isa = PBXFileReference; lastKnownFileType = sourcecode.swift; path = CacheStore.swift; sourceTree = "<group>"; };
		002000000000000000000006 /* V2EXService.swift */ = {isa = PBXFileReference; lastKnownFileType = sourcecode.swift; path = V2EXService.swift; sourceTree = "<group>"; };
		002000000000000000000007 /* TopicDetailParser.swift */ = {isa = PBXFileReference; lastKnownFileType = sourcecode.swift; path = TopicDetailParser.swift; sourceTree = "<group>"; };
		002000000000000000000008 /* SessionStore.swift */ = {isa = PBXFileReference; lastKnownFileType = sourcecode.swift; path = SessionStore.swift; sourceTree = "<group>"; };
		002000000000000000000009 /* WebView.swift */ = {isa = PBXFileReference; lastKnownFileType = sourcecode.swift; path = WebView.swift; sourceTree = "<group>"; };
		00200000000000000000000A /* Utilities.swift */ = {isa = PBXFileReference; lastKnownFileType = sourcecode.swift; path = Utilities.swift; sourceTree = "<group>"; };
		00200000000000000000000B /* Components.swift */ = {isa = PBXFileReference; lastKnownFileType = sourcecode.swift; path = Components.swift; sourceTree = "<group>"; };
		00200000000000000000000C /* HomeView.swift */ = {isa = PBXFileReference; lastKnownFileType = sourcecode.swift; path = HomeView.swift; sourceTree = "<group>"; };
		00200000000000000000000D /* HomeViewModel.swift */ = {isa = PBXFileReference; lastKnownFileType = sourcecode.swift; path = HomeViewModel.swift; sourceTree = "<group>"; };
		00200000000000000000000E /* TopicDetailView.swift */ = {isa = PBXFileReference; lastKnownFileType = sourcecode.swift; path = TopicDetailView.swift; sourceTree = "<group>"; };
		00200000000000000000000F /* TopicDetailViewModel.swift */ = {isa = PBXFileReference; lastKnownFileType = sourcecode.swift; path = TopicDetailViewModel.swift; sourceTree = "<group>"; };
		002000000000000000000010 /* NodeView.swift */ = {isa = PBXFileReference; lastKnownFileType = sourcecode.swift; path = NodeView.swift; sourceTree = "<group>"; };
		002000000000000000000011 /* NodeViewModel.swift */ = {isa = PBXFileReference; lastKnownFileType = sourcecode.swift; path = NodeViewModel.swift; sourceTree = "<group>"; };
		002000000000000000000012 /* UserView.swift */ = {isa = PBXFileReference; lastKnownFileType = sourcecode.swift; path = UserView.swift; sourceTree = "<group>"; };
		002000000000000000000013 /* UserViewModel.swift */ = {isa = PBXFileReference; lastKnownFileType = sourcecode.swift; path = UserViewModel.swift; sourceTree = "<group>"; };
		002000000000000000000014 /* SearchView.swift */ = {isa = PBXFileReference; lastKnownFileType = sourcecode.swift; path = SearchView.swift; sourceTree = "<group>"; };
		002000000000000000000015 /* SettingsView.swift */ = {isa = PBXFileReference; lastKnownFileType = sourcecode.swift; path = SettingsView.swift; sourceTree = "<group>"; };
		002000000000000000000016 /* SettingsStore.swift */ = {isa = PBXFileReference; lastKnownFileType = sourcecode.swift; path = SettingsStore.swift; sourceTree = "<group>"; };
		002000000000000000000017 /* TopicDetailParserTests.swift */ = {isa = PBXFileReference; lastKnownFileType = sourcecode.swift; path = TopicDetailParserTests.swift; sourceTree = "<group>"; };
		002000000000000000000018 /* SettingsStoreTests.swift */ = {isa = PBXFileReference; lastKnownFileType = sourcecode.swift; path = SettingsStoreTests.swift; sourceTree = "<group>"; };
		002000000000000000000019 /* NetworkClientTests.swift */ = {isa = PBXFileReference; lastKnownFileType = sourcecode.swift; path = NetworkClientTests.swift; sourceTree = "<group>"; };
		00200000000000000000001A /* SearchViewModel.swift */ = {isa = PBXFileReference; lastKnownFileType = sourcecode.swift; path = SearchViewModel.swift; sourceTree = "<group>"; };
		006000000000000000000001 /* V2EXClient.app */ = {isa = PBXFileReference; explicitFileType = wrapper.application; includeInIndex = 0; path = V2EXClient.app; sourceTree = BUILT_PRODUCTS_DIR; };
		006000000000000000000002 /* V2EXClientTests.xctest */ = {isa = PBXFileReference; explicitFileType = wrapper.cfbundle; includeInIndex = 0; path = V2EXClientTests.xctest; sourceTree = BUILT_PRODUCTS_DIR; };
/* End PBXFileReference section */

/* Begin PBXFrameworksBuildPhase section */
		007000000000000000000001 /* Frameworks */ = {isa = PBXFrameworksBuildPhase; buildActionMask = 2147483647; files = (); runOnlyForDeploymentPostprocessing = 0; };
		007000000000000000000002 /* Frameworks */ = {isa = PBXFrameworksBuildPhase; buildActionMask = 2147483647; files = (); runOnlyForDeploymentPostprocessing = 0; };
/* End PBXFrameworksBuildPhase section */

/* Begin PBXGroup section */
		008000000000000000000001 = {
			isa = PBXGroup;
			children = (
				008000000000000000000002 /* V2EXClient */,
				008000000000000000000010 /* V2EXClientTests */,
				008000000000000000000011 /* Products */,
			);
			sourceTree = "<group>";
		};
		008000000000000000000002 /* V2EXClient */ = {
			isa = PBXGroup;
			children = (
				008000000000000000000003 /* App */,
				008000000000000000000004 /* Core */,
				00800000000000000000000A /* Features */,
			);
			path = V2EXClient;
			sourceTree = "<group>";
		};
		008000000000000000000003 /* App */ = {isa = PBXGroup; children = (002000000000000000000001, 002000000000000000000002); path = App; sourceTree = "<group>"; };
		008000000000000000000004 /* Core */ = {isa = PBXGroup; children = (008000000000000000000005, 008000000000000000000006, 008000000000000000000007, 008000000000000000000008, 008000000000000000000009, 00200000000000000000000A, 00200000000000000000000B); path = Core; sourceTree = "<group>"; };
		008000000000000000000005 /* Models */ = {isa = PBXGroup; children = (002000000000000000000003); path = Models; sourceTree = "<group>"; };
		008000000000000000000006 /* Network */ = {isa = PBXGroup; children = (002000000000000000000004); path = Network; sourceTree = "<group>"; };
		008000000000000000000007 /* Cache */ = {isa = PBXGroup; children = (002000000000000000000005); path = Cache; sourceTree = "<group>"; };
		008000000000000000000008 /* Services */ = {isa = PBXGroup; children = (002000000000000000000006, 002000000000000000000008); path = Services; sourceTree = "<group>"; };
		008000000000000000000009 /* Parser */ = {isa = PBXGroup; children = (002000000000000000000007); path = Parser; sourceTree = "<group>"; };
		00800000000000000000000A /* Features */ = {
			isa = PBXGroup;
			children = (
				00800000000000000000000B /* Home */,
				00800000000000000000000C /* TopicDetail */,
				00800000000000000000000D /* Node */,
				00800000000000000000000E /* User */,
				00800000000000000000000F /* Search */,
				008000000000000000000012 /* Settings */,
			);
			path = Features;
			sourceTree = "<group>";
		};
		00800000000000000000000B /* Home */ = {isa = PBXGroup; children = (00200000000000000000000C, 00200000000000000000000D); path = Home; sourceTree = "<group>"; };
		00800000000000000000000C /* TopicDetail */ = {isa = PBXGroup; children = (00200000000000000000000E, 00200000000000000000000F, 002000000000000000000009); path = TopicDetail; sourceTree = "<group>"; };
		00800000000000000000000D /* Node */ = {isa = PBXGroup; children = (002000000000000000000010, 002000000000000000000011); path = Node; sourceTree = "<group>"; };
		00800000000000000000000E /* User */ = {isa = PBXGroup; children = (002000000000000000000012, 002000000000000000000013); path = User; sourceTree = "<group>"; };
		00800000000000000000000F /* Search */ = {isa = PBXGroup; children = (002000000000000000000014, 00200000000000000000001A); path = Search; sourceTree = "<group>"; };
		008000000000000000000012 /* Settings */ = {isa = PBXGroup; children = (002000000000000000000015, 002000000000000000000016); path = Settings; sourceTree = "<group>"; };
		008000000000000000000010 /* V2EXClientTests */ = {isa = PBXGroup; children = (002000000000000000000017, 002000000000000000000018, 002000000000000000000019); path = V2EXClientTests; sourceTree = "<group>"; };
		008000000000000000000011 /* Products */ = {isa = PBXGroup; children = (006000000000000000000001, 006000000000000000000002); name = Products; sourceTree = "<group>"; };
/* End PBXGroup section */

/* Begin PBXNativeTarget section */
		005000000000000000000001 /* V2EXClient */ = {
			isa = PBXNativeTarget;
			buildConfigurationList = 009000000000000000000003 /* Build configuration list for PBXNativeTarget "V2EXClient" */;
			buildPhases = (00A000000000000000000001 /* Sources */, 007000000000000000000001 /* Frameworks */, 00B000000000000000000001 /* Resources */);
			buildRules = ();
			dependencies = ();
			name = V2EXClient;
			productName = V2EXClient;
			productReference = 006000000000000000000001 /* V2EXClient.app */;
			productType = "com.apple.product-type.application";
		};
		005000000000000000000002 /* V2EXClientTests */ = {
			isa = PBXNativeTarget;
			buildConfigurationList = 009000000000000000000004 /* Build configuration list for PBXNativeTarget "V2EXClientTests" */;
			buildPhases = (00A000000000000000000002 /* Sources */, 007000000000000000000002 /* Frameworks */, 00B000000000000000000002 /* Resources */);
			buildRules = ();
			dependencies = (00C000000000000000000001 /* PBXTargetDependency */);
			name = V2EXClientTests;
			productName = V2EXClientTests;
			productReference = 006000000000000000000002 /* V2EXClientTests.xctest */;
			productType = "com.apple.product-type.bundle.unit-test";
		};
/* End PBXNativeTarget section */

/* Begin PBXProject section */
		004000000000000000000001 /* Project object */ = {
			isa = PBXProject;
			attributes = {
				BuildIndependentTargetsInParallel = 1;
				LastSwiftUpdateCheck = 1600;
				LastUpgradeCheck = 1600;
				TargetAttributes = {
					005000000000000000000001 = {CreatedOnToolsVersion = 16.0;};
					005000000000000000000002 = {CreatedOnToolsVersion = 16.0; TestTargetID = 005000000000000000000001;};
				};
			};
			buildConfigurationList = 009000000000000000000001 /* Build configuration list for PBXProject "V2EXClient" */;
			compatibilityVersion = "Xcode 14.0";
			developmentRegion = en;
			hasScannedForEncodings = 0;
			knownRegions = (en, Base, zh-Hans);
			mainGroup = 008000000000000000000001;
			productRefGroup = 008000000000000000000011 /* Products */;
			projectDirPath = "";
			projectRoot = "";
			targets = (005000000000000000000001 /* V2EXClient */, 005000000000000000000002 /* V2EXClientTests */);
		};
/* End PBXProject section */

/* Begin PBXResourcesBuildPhase section */
		00B000000000000000000001 /* Resources */ = {isa = PBXResourcesBuildPhase; buildActionMask = 2147483647; files = (); runOnlyForDeploymentPostprocessing = 0; };
		00B000000000000000000002 /* Resources */ = {isa = PBXResourcesBuildPhase; buildActionMask = 2147483647; files = (); runOnlyForDeploymentPostprocessing = 0; };
/* End PBXResourcesBuildPhase section */

/* Begin PBXSourcesBuildPhase section */
		00A000000000000000000001 /* Sources */ = {
			isa = PBXSourcesBuildPhase;
			buildActionMask = 2147483647;
			files = (001000000000000000000001,001000000000000000000002,001000000000000000000003,001000000000000000000004,001000000000000000000005,001000000000000000000006,001000000000000000000007,001000000000000000000008,001000000000000000000009,00100000000000000000000A,00100000000000000000000B,00100000000000000000000C,00100000000000000000000D,00100000000000000000000E,00100000000000000000000F,001000000000000000000010,001000000000000000000011,001000000000000000000012,001000000000000000000013,001000000000000000000014,00100000000000000000001A,001000000000000000000015,001000000000000000000016);
			runOnlyForDeploymentPostprocessing = 0;
		};
		00A000000000000000000002 /* Sources */ = {
			isa = PBXSourcesBuildPhase;
			buildActionMask = 2147483647;
			files = (001000000000000000000017,001000000000000000000018,001000000000000000000019);
			runOnlyForDeploymentPostprocessing = 0;
		};
/* End PBXSourcesBuildPhase section */

/* Begin PBXTargetDependency section */
		00C000000000000000000001 /* PBXTargetDependency */ = {isa = PBXTargetDependency; target = 005000000000000000000001 /* V2EXClient */; targetProxy = 003000000000000000000001 /* PBXContainerItemProxy */; };
/* End PBXTargetDependency section */

/* Begin XCBuildConfiguration section */
		00D000000000000000000001 /* Debug */ = {
			isa = XCBuildConfiguration;
			buildSettings = {
				ALWAYS_SEARCH_USER_PATHS = NO;
				CLANG_ANALYZER_NONNULL = YES;
				CLANG_ANALYZER_NUMBER_OBJECT_CONVERSION = YES_AGGRESSIVE;
				CLANG_CXX_LANGUAGE_STANDARD = "gnu++20";
				CLANG_ENABLE_MODULES = YES;
				CLANG_ENABLE_OBJC_ARC = YES;
				CLANG_ENABLE_OBJC_WEAK = YES;
				CLANG_WARN_BLOCK_CAPTURE_AUTORELEASING = YES;
				CLANG_WARN_BOOL_CONVERSION = YES;
				CLANG_WARN_COMMA = YES;
				CLANG_WARN_CONSTANT_CONVERSION = YES;
				CLANG_WARN_DEPRECATED_OBJC_IMPLEMENTATIONS = YES;
				CLANG_WARN_DIRECT_OBJC_ISA_USAGE = YES_ERROR;
				CLANG_WARN_DOCUMENTATION_COMMENTS = YES;
				CLANG_WARN_EMPTY_BODY = YES;
				CLANG_WARN_ENUM_CONVERSION = YES;
				CLANG_WARN_INFINITE_RECURSION = YES;
				CLANG_WARN_INT_CONVERSION = YES;
				CLANG_WARN_NON_LITERAL_NULL_CONVERSION = YES;
				CLANG_WARN_OBJC_IMPLICIT_RETAIN_SELF = YES;
				CLANG_WARN_OBJC_LITERAL_CONVERSION = YES;
				CLANG_WARN_OBJC_ROOT_CLASS = YES_ERROR;
				CLANG_WARN_QUOTED_INCLUDE_IN_FRAMEWORK_HEADER = YES;
				CLANG_WARN_RANGE_LOOP_ANALYSIS = YES;
				CLANG_WARN_STRICT_PROTOTYPES = YES;
				CLANG_WARN_SUSPICIOUS_MOVE = YES;
				CLANG_WARN_UNGUARDED_AVAILABILITY = YES_AGGRESSIVE;
				CLANG_WARN_UNREACHABLE_CODE = YES;
				CLANG_WARN__DUPLICATE_METHOD_MATCH = YES;
				COPY_PHASE_STRIP = NO;
				DEBUG_INFORMATION_FORMAT = dwarf;
				ENABLE_STRICT_OBJC_MSGSEND = YES;
				ENABLE_TESTABILITY = YES;
				ENABLE_USER_SCRIPT_SANDBOXING = YES;
				GCC_C_LANGUAGE_STANDARD = gnu17;
				GCC_DYNAMIC_NO_PIC = NO;
				GCC_NO_COMMON_BLOCKS = YES;
				GCC_OPTIMIZATION_LEVEL = 0;
				GCC_PREPROCESSOR_DEFINITIONS = "DEBUG=1";
				GCC_WARN_64_TO_32_BIT_CONVERSION = YES;
				GCC_WARN_ABOUT_RETURN_TYPE = YES_ERROR;
				GCC_WARN_UNDECLARED_SELECTOR = YES;
				GCC_WARN_UNINITIALIZED_AUTOS = YES_AGGRESSIVE;
				GCC_WARN_UNUSED_FUNCTION = YES;
				GCC_WARN_UNUSED_VARIABLE = YES;
				IPHONEOS_DEPLOYMENT_TARGET = 17.0;
				MTL_ENABLE_DEBUG_INFO = INCLUDE_SOURCE;
				MTL_FAST_MATH = YES;
				ONLY_ACTIVE_ARCH = YES;
				SDKROOT = iphoneos;
				SWIFT_ACTIVE_COMPILATION_CONDITIONS = DEBUG;
				SWIFT_OPTIMIZATION_LEVEL = "-Onone";
			};
			name = Debug;
		};
		00D000000000000000000002 /* Release */ = {
			isa = XCBuildConfiguration;
			buildSettings = {
				ALWAYS_SEARCH_USER_PATHS = NO;
				CLANG_ANALYZER_NONNULL = YES;
				CLANG_ANALYZER_NUMBER_OBJECT_CONVERSION = YES_AGGRESSIVE;
				CLANG_CXX_LANGUAGE_STANDARD = "gnu++20";
				CLANG_ENABLE_MODULES = YES;
				CLANG_ENABLE_OBJC_ARC = YES;
				CLANG_ENABLE_OBJC_WEAK = YES;
				CLANG_WARN_BLOCK_CAPTURE_AUTORELEASING = YES;
				CLANG_WARN_BOOL_CONVERSION = YES;
				CLANG_WARN_COMMA = YES;
				CLANG_WARN_CONSTANT_CONVERSION = YES;
				CLANG_WARN_DEPRECATED_OBJC_IMPLEMENTATIONS = YES;
				CLANG_WARN_DIRECT_OBJC_ISA_USAGE = YES_ERROR;
				CLANG_WARN_DOCUMENTATION_COMMENTS = YES;
				CLANG_WARN_EMPTY_BODY = YES;
				CLANG_WARN_ENUM_CONVERSION = YES;
				CLANG_WARN_INFINITE_RECURSION = YES;
				CLANG_WARN_INT_CONVERSION = YES;
				CLANG_WARN_NON_LITERAL_NULL_CONVERSION = YES;
				CLANG_WARN_OBJC_IMPLICIT_RETAIN_SELF = YES;
				CLANG_WARN_OBJC_LITERAL_CONVERSION = YES;
				CLANG_WARN_OBJC_ROOT_CLASS = YES_ERROR;
				CLANG_WARN_QUOTED_INCLUDE_IN_FRAMEWORK_HEADER = YES;
				CLANG_WARN_RANGE_LOOP_ANALYSIS = YES;
				CLANG_WARN_STRICT_PROTOTYPES = YES;
				CLANG_WARN_SUSPICIOUS_MOVE = YES;
				CLANG_WARN_UNGUARDED_AVAILABILITY = YES_AGGRESSIVE;
				CLANG_WARN_UNREACHABLE_CODE = YES;
				CLANG_WARN__DUPLICATE_METHOD_MATCH = YES;
				COPY_PHASE_STRIP = NO;
				DEBUG_INFORMATION_FORMAT = "dwarf-with-dsym";
				ENABLE_NS_ASSERTIONS = NO;
				ENABLE_STRICT_OBJC_MSGSEND = YES;
				ENABLE_USER_SCRIPT_SANDBOXING = YES;
				GCC_C_LANGUAGE_STANDARD = gnu17;
				GCC_NO_COMMON_BLOCKS = YES;
				GCC_WARN_64_TO_32_BIT_CONVERSION = YES;
				GCC_WARN_ABOUT_RETURN_TYPE = YES_ERROR;
				GCC_WARN_UNDECLARED_SELECTOR = YES;
				GCC_WARN_UNINITIALIZED_AUTOS = YES_AGGRESSIVE;
				GCC_WARN_UNUSED_FUNCTION = YES;
				GCC_WARN_UNUSED_VARIABLE = YES;
				IPHONEOS_DEPLOYMENT_TARGET = 17.0;
				MTL_ENABLE_DEBUG_INFO = NO;
				MTL_FAST_MATH = YES;
				SDKROOT = iphoneos;
				SWIFT_COMPILATION_MODE = wholemodule;
				SWIFT_OPTIMIZATION_LEVEL = "-O";
				VALIDATE_PRODUCT = YES;
			};
			name = Release;
		};
		00D000000000000000000003 /* Debug */ = {
			isa = XCBuildConfiguration;
			buildSettings = {
				ASSETCATALOG_COMPILER_GLOBAL_ACCENT_COLOR_NAME = AccentColor;
				CODE_SIGN_STYLE = Automatic;
				CURRENT_PROJECT_VERSION = 1;
				DEVELOPMENT_TEAM = "";
				ENABLE_PREVIEWS = YES;
				GENERATE_INFOPLIST_FILE = YES;
				INFOPLIST_KEY_CFBundleDisplayName = "V2EX Client";
				INFOPLIST_KEY_LSApplicationCategoryType = "public.app-category.news";
				INFOPLIST_KEY_UIApplicationSceneManifest_Generation = YES;
				INFOPLIST_KEY_UIApplicationSupportsIndirectInputEvents = YES;
				INFOPLIST_KEY_UILaunchScreen_Generation = YES;
				INFOPLIST_KEY_UISupportedInterfaceOrientations_iPad = "UIInterfaceOrientationPortrait UIInterfaceOrientationPortraitUpsideDown UIInterfaceOrientationLandscapeLeft UIInterfaceOrientationLandscapeRight";
				INFOPLIST_KEY_UISupportedInterfaceOrientations_iPhone = "UIInterfaceOrientationPortrait UIInterfaceOrientationLandscapeLeft UIInterfaceOrientationLandscapeRight";
				IPHONEOS_DEPLOYMENT_TARGET = 17.0;
				LD_RUNPATH_SEARCH_PATHS = "$(inherited) @executable_path/Frameworks";
				MARKETING_VERSION = 0.1.0;
				PRODUCT_BUNDLE_IDENTIFIER = com.example.V2EXClient;
				PRODUCT_NAME = "$(TARGET_NAME)";
				SWIFT_EMIT_LOC_STRINGS = YES;
				SWIFT_VERSION = 5.0;
				TARGETED_DEVICE_FAMILY = "1,2";
			};
			name = Debug;
		};
		00D000000000000000000004 /* Release */ = {
			isa = XCBuildConfiguration;
			buildSettings = {
				ASSETCATALOG_COMPILER_GLOBAL_ACCENT_COLOR_NAME = AccentColor;
				CODE_SIGN_STYLE = Automatic;
				CURRENT_PROJECT_VERSION = 1;
				DEVELOPMENT_TEAM = "";
				ENABLE_PREVIEWS = YES;
				GENERATE_INFOPLIST_FILE = YES;
				INFOPLIST_KEY_CFBundleDisplayName = "V2EX Client";
				INFOPLIST_KEY_LSApplicationCategoryType = "public.app-category.news";
				INFOPLIST_KEY_UIApplicationSceneManifest_Generation = YES;
				INFOPLIST_KEY_UIApplicationSupportsIndirectInputEvents = YES;
				INFOPLIST_KEY_UILaunchScreen_Generation = YES;
				INFOPLIST_KEY_UISupportedInterfaceOrientations_iPad = "UIInterfaceOrientationPortrait UIInterfaceOrientationPortraitUpsideDown UIInterfaceOrientationLandscapeLeft UIInterfaceOrientationLandscapeRight";
				INFOPLIST_KEY_UISupportedInterfaceOrientations_iPhone = "UIInterfaceOrientationPortrait UIInterfaceOrientationLandscapeLeft UIInterfaceOrientationLandscapeRight";
				IPHONEOS_DEPLOYMENT_TARGET = 17.0;
				LD_RUNPATH_SEARCH_PATHS = "$(inherited) @executable_path/Frameworks";
				MARKETING_VERSION = 0.1.0;
				PRODUCT_BUNDLE_IDENTIFIER = com.example.V2EXClient;
				PRODUCT_NAME = "$(TARGET_NAME)";
				SWIFT_EMIT_LOC_STRINGS = YES;
				SWIFT_VERSION = 5.0;
				TARGETED_DEVICE_FAMILY = "1,2";
			};
			name = Release;
		};
		00D000000000000000000005 /* Debug */ = {
			isa = XCBuildConfiguration;
			buildSettings = {
				BUNDLE_LOADER = "$(TEST_HOST)";
				CODE_SIGN_STYLE = Automatic;
				CURRENT_PROJECT_VERSION = 1;
				DEVELOPMENT_TEAM = "";
				GENERATE_INFOPLIST_FILE = YES;
				IPHONEOS_DEPLOYMENT_TARGET = 17.0;
				LD_RUNPATH_SEARCH_PATHS = "$(inherited) @executable_path/Frameworks @loader_path/Frameworks";
				MARKETING_VERSION = 0.1.0;
				PRODUCT_BUNDLE_IDENTIFIER = com.example.V2EXClientTests;
				PRODUCT_NAME = "$(TARGET_NAME)";
				SWIFT_VERSION = 5.0;
				TARGETED_DEVICE_FAMILY = "1,2";
				TEST_HOST = "$(BUILT_PRODUCTS_DIR)/V2EXClient.app/$(BUNDLE_EXECUTABLE_FOLDER_PATH)/V2EXClient";
			};
			name = Debug;
		};
		00D000000000000000000006 /* Release */ = {
			isa = XCBuildConfiguration;
			buildSettings = {
				BUNDLE_LOADER = "$(TEST_HOST)";
				CODE_SIGN_STYLE = Automatic;
				CURRENT_PROJECT_VERSION = 1;
				DEVELOPMENT_TEAM = "";
				GENERATE_INFOPLIST_FILE = YES;
				IPHONEOS_DEPLOYMENT_TARGET = 17.0;
				LD_RUNPATH_SEARCH_PATHS = "$(inherited) @executable_path/Frameworks @loader_path/Frameworks";
				MARKETING_VERSION = 0.1.0;
				PRODUCT_BUNDLE_IDENTIFIER = com.example.V2EXClientTests;
				PRODUCT_NAME = "$(TARGET_NAME)";
				SWIFT_VERSION = 5.0;
				TARGETED_DEVICE_FAMILY = "1,2";
				TEST_HOST = "$(BUILT_PRODUCTS_DIR)/V2EXClient.app/$(BUNDLE_EXECUTABLE_FOLDER_PATH)/V2EXClient";
			};
			name = Release;
		};
/* End XCBuildConfiguration section */

/* Begin XCConfigurationList section */
		009000000000000000000001 /* Build configuration list for PBXProject "V2EXClient" */ = {isa = XCConfigurationList; buildConfigurations = (00D000000000000000000001, 00D000000000000000000002); defaultConfigurationIsVisible = 0; defaultConfigurationName = Release; };
		009000000000000000000003 /* Build configuration list for PBXNativeTarget "V2EXClient" */ = {isa = XCConfigurationList; buildConfigurations = (00D000000000000000000003, 00D000000000000000000004); defaultConfigurationIsVisible = 0; defaultConfigurationName = Release; };
		009000000000000000000004 /* Build configuration list for PBXNativeTarget "V2EXClientTests" */ = {isa = XCConfigurationList; buildConfigurations = (00D000000000000000000005, 00D000000000000000000006); defaultConfigurationIsVisible = 0; defaultConfigurationName = Release; };
/* End XCConfigurationList section */
	};
	rootObject = 004000000000000000000001 /* Project object */;
}
